{
    "name": "web",
    "version": "1.0.0",
    "lockfileVersion": 1,
    "requires": true,
    "dependencies": {
        "cssmin": {
            "version": "0.4.3",
            "resolved": "https://registry.npmjs.org/cssmin/-/cssmin-0.4.3.tgz",
            "integrity": "sha1-yRlAd+Dr2s1pHV9ZAVudgZ840BU="
        },
        "uglify-js": {
            "version": "3.11.3",
            "resolved": "https://registry.npmjs.org/uglify-js/-/uglify-js-3.11.3.tgz",
            "integrity": "sha512-wDRziHG94mNj2n3R864CvYw/+pc9y/RNImiTyrrf8BzgWn75JgFSwYvXrtZQMnMnOp/4UTrf3iCSQxSStPiByA=="
        }
    }
}
